
Microsoft Visual Studio Solution File, Format Version 12.00
# Visual Studio 15
VisualStudioVersion = 15.0.27428.2015
MinimumVisualStudioVersion = 10.0.40219.1
Project("{FAE04EC0-301F-11D3-BF4B-00C04F79EFBC}") = "Ex03.GarageLogic", "Ex03.GarageLogic\Ex03.GarageLogic.csproj", "{44DB40ED-0A02-4E32-AF74-D4F2AC59DAD3}"
EndProject
Project("{FAE04EC0-301F-11D3-BF4B-00C04F79EFBC}") = "Ex03.ConsuleUI", "Ex03.ConsuleUi\Ex03.ConsuleUI.csproj", "{8DDAB096-9020-47E7-9F87-67656A7E6C39}"
EndProject
Global
	GlobalSection(SolutionConfigurationPlatforms) = preSolution
		Debug|Any CPU = Debug|Any CPU
		Release|Any CPU = Release|Any CPU
	EndGlobalSection
	GlobalSection(ProjectConfigurationPlatforms) = postSolution
		{44DB40ED-0A02-4E32-AF74-D4F2AC59DAD3}.Debug|Any CPU.ActiveCfg = Debug|Any CPU
		{44DB40ED-0A02-4E32-AF74-D4F2AC59DAD3}.Debug|Any CPU.Build.0 = Debug|Any CPU
		{44DB40ED-0A02-4E32-AF74-D4F2AC59DAD3}.Release|Any CPU.ActiveCfg = Release|Any CPU
		{44DB40ED-0A02-4E32-AF74-D4F2AC59DAD3}.Release|Any CPU.Build.0 = Release|Any CPU
		{8DDAB096-9020-47E7-9F87-67656A7E6C39}.Debug|Any CPU.ActiveCfg = Debug|Any CPU
		{8DDAB096-9020-47E7-9F87-67656A7E6C39}.Debug|Any CPU.Build.0 = Debug|Any CPU
		{8DDAB096-9020-47E7-9F87-67656A7E6C39}.Release|Any CPU.ActiveCfg = Release|Any CPU
		{8DDAB096-9020-47E7-9F87-67656A7E6C39}.Release|Any CPU.Build.0 = Release|Any CPU
	EndGlobalSection
	GlobalSection(SolutionProperties) = preSolution
		HideSolutionNode = FALSE
	EndGlobalSection
	GlobalSection(ExtensibilityGlobals) = postSolution
		SolutionGuid = {76A729EC-B339-4C4C-A2F7-14C5F37EF2EC}
	EndGlobalSection
EndGlobal
